// !$*UTF8*$!
{
	archiveVersion = 1;
	classes = {
	};
	objectVersion = 46;
	objects = {

/* Begin PBXBuildFile section */
		3B2BE5481C0EDC7E004E7569 /* AppDelegate.swift in Sources */ = {isa = PBXBuildFile; fileRef = 3B2BE5471C0EDC7E004E7569 /* AppDelegate.swift */; };
		3B2BE54A1C0EDC7E004E7569 /* ViewController.swift in Sources */ = {isa = PBXBuildFile; fileRef = 3B2BE5491C0EDC7E004E7569 /* ViewController.swift */; };
		3B2BE54D1C0EDC7E004E7569 /* Main.storyboard in Resources */ = {isa = PBXBuildFile; fileRef = 3B2BE54B1C0EDC7E004E7569 /* Main.storyboard */; };
		3B2BE54F1C0EDC7E004E7569 /* Assets.xcassets in Resources */ = {isa = PBXBuildFile; fileRef = 3B2BE54E1C0EDC7E004E7569 /* Assets.xcassets */; };
		3B2BE5521C0EDC7E004E7569 /* LaunchScreen.storyboard in Resources */ = {isa = PBXBuildFile; fileRef = 3B2BE5501C0EDC7E004E7569 /* LaunchScreen.storyboard */; };
		8075F7D910E755FA14FC550B /* Pods_SwiftQPXSample.framework in Frameworks */ = {isa = PBXBuildFile; fileRef = 15BFC13A3FB983BCB3796460 /* Pods_SwiftQPXSample.framework */; };
/* End PBXBuildFile section */

/* Begin PBXFileReference section */
		15BFC13A3FB983BCB3796460 /* Pods_SwiftQPXSample.framework */ = {isa = PBXFileReference; explicitFileType = wrapper.framework; includeInIndex = 0; path = Pods_SwiftQPXSample.framework; sourceTree = BUILT_PRODUCTS_DIR; };
		1F849520E0E6F500C2FF9C29 /* Pods-SwiftQPXSample.release.xcconfig */ = {isa = PBXFileReference; includeInIndex = 1; lastKnownFileType = text.xcconfig; name = "Pods-SwiftQPXSample.release.xcconfig"; path = "Pods/Target Support Files/Pods-SwiftQPXSample/Pods-SwiftQPXSample.release.xcconfig"; sourceTree = "<group>"; };
		3B2BE5441C0EDC7E004E7569 /* SwiftQPXSample.app */ = {isa = PBXFileReference; explicitFileType = wrapper.application; includeInIndex = 0; path = SwiftQPXSample.app; sourceTree = BUILT_PRODUCTS_DIR; };
		3B2BE5471C0EDC7E004E7569 /* AppDelegate.swift */ = {isa = PBXFileReference; lastKnownFileType = sourcecode.swift; path = AppDelegate.swift; sourceTree = "<group>"; };
		3B2BE5491C0EDC7E004E7569 /* ViewController.swift */ = {isa = PBXFileReference; lastKnownFileType = sourcecode.swift; path = ViewController.swift; sourceTree = "<group>"; };
		3B2BE54C1C0EDC7E004E7569 /* Base */ = {isa = PBXFileReference; lastKnownFileType = file.storyboard; name = Base; path = Base.lproj/Main.storyboard; sourceTree = "<group>"; };
		3B2BE54E1C0EDC7E004E7569 /* Assets.xcassets */ = {isa = PBXFileReference; lastKnownFileType = folder.assetcatalog; path = Assets.xcassets; sourceTree = "<group>"; };
		3B2BE5511C0EDC7E004E7569 /* Base */ = {isa = PBXFileReference; lastKnownFileType = file.storyboard; name = Base; path = Base.lproj/LaunchScreen.storyboard; sourceTree = "<group>"; };
		3B2BE5531C0EDC7E004E7569 /* Info.plist */ = {isa = PBXFileReference; lastKnownFileType = text.plist.xml; path = Info.plist; sourceTree = "<group>"; };
		EDDE5239E3647A62A025C85E /* Pods-SwiftQPXSample.debug.xcconfig */ = {isa = PBXFileReference; includeInIndex = 1; lastKnownFileType = text.xcconfig; name = "Pods-SwiftQPXSample.debug.xcconfig"; path = "Pods/Target Support Files/Pods-SwiftQPXSample/Pods-SwiftQPXSample.debug.xcconfig"; sourceTree = "<group>"; };
/* End PBXFileReference section */

/* Begin PBXFrameworksBuildPhase section */
		3B2BE5411C0EDC7D004E7569 /* Frameworks */ = {
			isa = PBXFrameworksBuildPhase;
			buildActionMask = 2147483647;
			files = (
				8075F7D910E755FA14FC550B /* Pods_SwiftQPXSample.framework in Frameworks */,
			);
			runOnlyForDeploymentPostprocessing = 0;
		};
/* End PBXFrameworksBuildPhase section */

/* Begin PBXGroup section */
		3B2BE53B1C0EDC7D004E7569 = {
			isa = PBXGroup;
			children = (
				3B2BE5461C0EDC7E004E7569 /* SwiftQPXSample */,
				3B2BE5451C0EDC7E004E7569 /* Products */,
				E8E5F0FE5822EAEA674EBDF7 /* Pods */,
				462B47850C8B811A7333ED36 /* Frameworks */,
			);
			sourceTree = "<group>";
		};
		3B2BE5451C0EDC7E004E7569 /* Products */ = {
			isa = PBXGroup;
			children = (
				3B2BE5441C0EDC7E004E7569 /* SwiftQPXSample.app */,
			);
			name = Products;
			sourceTree = "<group>";
		};
		3B2BE5461C0EDC7E004E7569 /* SwiftQPXSample */ = {
			isa = PBXGroup;
			children = (
				3B2BE5471C0EDC7E004E7569 /* AppDelegate.swift */,
				3B2BE5491C0EDC7E004E7569 /* ViewController.swift */,
				3B2BE54B1C0EDC7E004E7569 /* Main.storyboard */,
				3B2BE54E1C0EDC7E004E7569 /* Assets.xcassets */,
				3B2BE5501C0EDC7E004E7569 /* LaunchScreen.storyboard */,
				3B2BE5531C0EDC7E004E7569 /* Info.plist */,
			);
			path = SwiftQPXSample;
			sourceTree = "<group>";
		};
		462B47850C8B811A7333ED36 /* Frameworks */ = {
			isa = PBXGroup;
			children = (
				15BFC13A3FB983BCB3796460 /* Pods_SwiftQPXSample.framework */,
			);
			name = Frameworks;
			sourceTree = "<group>";
		};
		E8E5F0FE5822EAEA674EBDF7 /* Pods */ = {
			isa = PBXGroup;
			children = (
				EDDE5239E3647A62A025C85E /* Pods-SwiftQPXSample.debug.xcconfig */,
				1F849520E0E6F500C2FF9C29 /* Pods-SwiftQPXSample.release.xcconfig */,
			);
			name = Pods;
			sourceTree = "<group>";
		};
/* End PBXGroup section */

/* Begin PBXNativeTarget section */
		3B2BE5431C0EDC7D004E7569 /* SwiftQPXSample */ = {
			isa = PBXNativeTarget;
			buildConfigurationList = 3B2BE5561C0EDC7E004E7569 /* Build configuration list for PBXNativeTarget "SwiftQPXSample" */;
			buildPhases = (
				8122656FAD1286B321A6F910 /* Check Pods Manifest.lock */,
				3B2BE5401C0EDC7D004E7569 /* Sources */,
				3B2BE5411C0EDC7D004E7569 /* Frameworks */,
				3B2BE5421C0EDC7D004E7569 /* Resources */,
				6271B73A6E7EA169950041DA /* Embed Pods Frameworks */,
				52417AAD9C307BC6C6EF76B3 /* Copy Pods Resources */,
			);
			buildRules = (
			);
			dependencies = (
			);
			name = SwiftQPXSample;
			productName = SwiftQPXSample;
			productReference = 3B2BE5441C0EDC7E004E7569 /* SwiftQPXSample.app */;
			productType = "com.apple.product-type.application";
		};
/* End PBXNativeTarget section */

/* Begin PBXProject section */
		3B2BE53C1C0EDC7D004E7569 /* Project object */ = {
			isa = PBXProject;
			attributes = {
				LastSwiftUpdateCheck = 0710;
				LastUpgradeCheck = 0710;
				ORGANIZATIONNAME = radvansky.tomas;
				TargetAttributes = {
					3B2BE5431C0EDC7D004E7569 = {
						CreatedOnToolsVersion = 7.1.1;
					};
				};
			};
			buildConfigurationList = 3B2BE53F1C0EDC7D004E7569 /* Build configuration list for PBXProject "SwiftQPXSample" */;
			compatibilityVersion = "Xcode 3.2";
			developmentRegion = English;
			hasScannedForEncodings = 0;
			knownRegions = (
				en,
				Base,
			);
			mainGroup = 3B2BE53B1C0EDC7D004E7569;
			productRefGroup = 3B2BE5451C0EDC7E004E7569 /* Products */;
			projectDirPath = "";
			projectRoot = "";
			targets = (
				3B2BE5431C0EDC7D004E7569 /* SwiftQPXSample */,
			);
		};
/* End PBXProject section */

/* Begin PBXResourcesBuildPhase section */
		3B2BE5421C0EDC7D004E7569 /* Resources */ = {
			isa = PBXResourcesBuildPhase;
			buildActionMask = 2147483647;
			files = (
				3B2BE5521C0EDC7E004E7569 /* LaunchScreen.storyboard in Resources */,
				3B2BE54F1C0EDC7E004E7569 /* Assets.xcassets in Resources */,
				3B2BE54D1C0EDC7E004E7569 /* Main.storyboard in Resources */,
			);
			runOnlyForDeploymentPostprocessing = 0;
		};
/* End PBXResourcesBuildPhase section */

/* Begin PBXShellScriptBuildPhase section */
		52417AAD9C307BC6C6EF76B3 /* Copy Pods Resources */ = {
			isa = PBXShellScriptBuildPhase;
			buildActionMask = 2147483647;
			files = (
			);
			inputPaths = (
			);
			name = "Copy Pods Resources";
			outputPaths = (
			);
			runOnlyForDeploymentPostprocessing = 0;
			shellPath = /bin/sh;
			shellScript = "\"${SRCROOT}/Pods/Target Support Files/Pods-SwiftQPXSample/Pods-SwiftQPXSample-resources.sh\"\n";
			showEnvVarsInLog = 0;
		};
		6271B73A6E7EA169950041DA /* Embed Pods Frameworks */ = {
			isa = PBXShellScriptBuildPhase;
			buildActionMask = 2147483647;
			files = (
			);
			inputPaths = (
			);
			name = "Embed Pods Frameworks";
			outputPaths = (
			);
			runOnlyForDeploymentPostprocessing = 0;
			shellPath = /bin/sh;
			shellScript = "\"${SRCROOT}/Pods/Target Support Files/Pods-SwiftQPXSample/Pods-SwiftQPXSample-frameworks.sh\"\n";
			showEnvVarsInLog = 0;
		};
		8122656FAD1286B321A6F910 /* Check Pods Manifest.lock */ = {
			isa = PBXShellScriptBuildPhase;
			buildActionMask = 2147483647;
			files = (
			);
			inputPaths = (
			);
			name = "Check Pods Manifest.lock";
			outputPaths = (
			);
			runOnlyForDeploymentPostprocessing = 0;
			shellPath = /bin/sh;
			shellScript = "diff \"${PODS_ROOT}/../Podfile.lock\" \"${PODS_ROOT}/Manifest.lock\" > /dev/null\nif [[ $? != 0 ]] ; then\n    cat << EOM\nerror: The sandbox is not in sync with the Podfile.lock. Run 'pod install' or update your CocoaPods installation.\nEOM\n    exit 1\nfi\n";
			showEnvVarsInLog = 0;
		};
/* End PBXShellScriptBuildPhase section */

/* Begin PBXSourcesBuildPhase section */
		3B2BE5401C0EDC7D004E7569 /* Sources */ = {
			isa = PBXSourcesBuildPhase;
			buildActionMask = 2147483647;
			files = (
				3B2BE54A1C0EDC7E004E7569 /* ViewController.swift in Sources */,
				3B2BE5481C0EDC7E004E7569 /* AppDelegate.swift in Sources */,
			);
			runOnlyForDeploymentPostprocessing = 0;
		};
/* End PBXSourcesBuildPhase section */

/* Begin PBXVariantGroup section */
		3B2BE54B1C0EDC7E004E7569 /* Main.storyboard */ = {
			isa = PBXVariantGroup;
			children = (
				3B2BE54C1C0EDC7E004E7569 /* Base */,
			);
			name = Main.storyboard;
			sourceTree = "<group>";
		};
		3B2BE5501C0EDC7E004E7569 /* LaunchScreen.storyboard */ = {
			isa = PBXVariantGroup;
			children = (
				3B2BE5511C0EDC7E004E7569 /* Base */,
			);
			name = LaunchScreen.storyboard;
			sourceTree = "<group>";
		};
/* End PBXVariantGroup section */

/* Begin XCBuildConfiguration section */
		3B2BE5541C0EDC7E004E7569 /* Debug */ = {
			isa = XCBuildConfiguration;
			buildSettings = {
				ALWAYS_SEARCH_USER_PATHS = NO;
				CLANG_CXX_LANGUAGE_STANDARD = "gnu++0x";
				CLANG_CXX_LIBRARY = "libc++";
				CLANG_ENABLE_MODULES = YES;
				CLANG_ENABLE_OBJC_ARC = YES;
				CLANG_WARN_BOOL_CONVERSION = YES;
				CLANG_WARN_CONSTANT_CONVERSION = YES;
				CLANG_WARN_DIRECT_OBJC_ISA_USAGE = YES_ERROR;
				CLANG_WARN_EMPTY_BODY = YES;
				CLANG_WARN_ENUM_CONVERSION = YES;
				CLANG_WARN_INT_CONVERSION = YES;
				CLANG_WARN_OBJC_ROOT_CLASS = YES_ERROR;
				CLANG_WARN_UNREACHABLE_CODE = YES;
				CLANG_WARN__DUPLICATE_METHOD_MATCH = YES;
				"CODE_SIGN_IDENTITY[sdk=iphoneos*]" = "iPhone Developer";
				COPY_PHASE_STRIP = NO;
				DEBUG_INFORMATION_FORMAT = dwarf;
				ENABLE_STRICT_OBJC_MSGSEND = YES;
				ENABLE_TESTABILITY = YES;
				GCC_C_LANGUAGE_STANDARD = gnu99;
				GCC_DYNAMIC_NO_PIC = NO;
				GCC_NO_COMMON_BLOCKS = YES;
				GCC_OPTIMIZATION_LEVEL = 0;
				GCC_PREPROCESSOR_DEFINITIONS = (
					"DEBUG=1",
					"$(inherited)",
				);
				GCC_WARN_64_TO_32_BIT_CONVERSION = YES;
				GCC_WARN_ABOUT_RETURN_TYPE = YES_ERROR;
				GCC_WARN_UNDECLARED_SELECTOR = YES;
				GCC_WARN_UNINITIALIZED_AUTOS = YES_AGGRESSIVE;
				GCC_WARN_UNUSED_FUNCTION = YES;
				GCC_WARN_UNUSED_VARIABLE = YES;
				IPHONEOS_DEPLOYMENT_TARGET = 9.1;
				MTL_ENABLE_DEBUG_INFO = YES;
				ONLY_ACTIVE_ARCH = YES;
				SDKROOT = iphoneos;
				SWIFT_OPTIMIZATION_LEVEL = "-Onone";
				TARGETED_DEVICE_FAMILY = "1,2";
			};
			name = Debug;
		};
		3B2BE5551C0EDC7E004E7569 /* Release */ = {
			isa = XCBuildConfiguration;
			buildSettings = {
				ALWAYS_SEARCH_USER_PATHS = NO;
				CLANG_CXX_LANGUAGE_STANDARD = "gnu++0x";
				CLANG_CXX_LIBRARY = "libc++";
				CLANG_ENABLE_MODULES = YES;
				CLANG_ENABLE_OBJC_ARC = YES;
				CLANG_WARN_BOOL_CONVERSION = YES;
				CLANG_WARN_CONSTANT_CONVERSION = YES;
				CLANG_WARN_DIRECT_OBJC_ISA_USAGE = YES_ERROR;
				CLANG_WARN_EMPTY_BODY = YES;
				CLANG_WARN_ENUM_CONVERSION = YES;
				CLANG_WARN_INT_CONVERSION = YES;
				CLANG_WARN_OBJC_ROOT_CLASS = YES_ERROR;
				CLANG_WARN_UNREACHABLE_CODE = YES;
				CLANG_WARN__DUPLICATE_METHOD_MATCH = YES;
				"CODE_SIGN_IDENTITY[sdk=iphoneos*]" = "iPhone Developer";
				COPY_PHASE_STRIP = NO;
				DEBUG_INFORMATION_FORMAT = "dwarf-with-dsym";
				ENABLE_NS_ASSERTIONS = NO;
				ENABLE_STRICT_OBJC_MSGSEND = YES;
				GCC_C_LANGUAGE_STANDARD = gnu99;
				GCC_NO_COMMON_BLOCKS = YES;
				GCC_WARN_64_TO_32_BIT_CONVERSION = YES;
				GCC_WARN_ABOUT_RETURN_TYPE = YES_ERROR;
				GCC_WARN_UNDECLARED_SELECTOR = YES;
				GCC_WARN_UNINITIALIZED_AUTOS = YES_AGGRESSIVE;
				GCC_WARN_UNUSED_FUNCTION = YES;
				GCC_WARN_UNUSED_VARIABLE = YES;
				IPHONEOS_DEPLOYMENT_TARGET = 9.1;
				MTL_ENABLE_DEBUG_INFO = NO;
				SDKROOT = iphoneos;
				TARGETED_DEVICE_FAMILY = "1,2";
				VALIDATE_PRODUCT = YES;
			};
			name = Release;
		};
		3B2BE5571C0EDC7E004E7569 /* Debug */ = {
			isa = XCBuildConfiguration;
			baseConfigurationReference = EDDE5239E3647A62A025C85E /* Pods-SwiftQPXSample.debug.xcconfig */;
			buildSettings = {
				ASSETCATALOG_COMPILER_APPICON_NAME = AppIcon;
				INFOPLIST_FILE = SwiftQPXSample/Info.plist;
				LD_RUNPATH_SEARCH_PATHS = "$(inherited) @executable_path/Frameworks";
				PRODUCT_BUNDLE_IDENTIFIER = com.radvansky.tomas.SwiftQPXSample;
				PRODUCT_NAME = "$(TARGET_NAME)";
			};
			name = Debug;
		};
		3B2BE5581C0EDC7E004E7569 /* Release */ = {
			isa = XCBuildConfiguration;
			baseConfigurationReference = 1F849520E0E6F500C2FF9C29 /* Pods-SwiftQPXSample.release.xcconfig */;
			buildSettings = {
				ASSETCATALOG_COMPILER_APPICON_NAME = AppIcon;
				INFOPLIST_FILE = SwiftQPXSample/Info.plist;
				LD_RUNPATH_SEARCH_PATHS = "$(inherited) @executable_path/Frameworks";
				PRODUCT_BUNDLE_IDENTIFIER = com.radvansky.tomas.SwiftQPXSample;
				PRODUCT_NAME = "$(TARGET_NAME)";
			};
			name = Release;
		};
/* End XCBuildConfiguration section */

/* Begin XCConfigurationList section */
		3B2BE53F1C0EDC7D004E7569 /* Build configuration list for PBXProject "SwiftQPXSample" */ = {
			isa = XCConfigurationList;
			buildConfigurations = (
				3B2BE5541C0EDC7E004E7569 /* Debug */,
				3B2BE5551C0EDC7E004E7569 /* Release */,
			);
			defaultConfigurationIsVisible = 0;
			defaultConfigurationName = Release;
		};
		3B2BE5561C0EDC7E004E7569 /* Build configuration list for PBXNativeTarget "SwiftQPXSample" */ = {
			isa = XCConfigurationList;
			buildConfigurations = (
				3B2BE5571C0EDC7E004E7569 /* Debug */,
				3B2BE5581C0EDC7E004E7569 /* Release */,
			);
			defaultConfigurationIsVisible = 0;
			defaultConfigurationName = Release;
		};
/* End XCConfigurationList section */
	};
	rootObject = 3B2BE53C1C0EDC7D004E7569 /* Project object */;
}
